
Microsoft Visual Studio Solution File, Format Version 12.00
# Visual Studio Version 17
VisualStudioVersion = 17.3.32901.215
MinimumVisualStudioVersion = 10.0.40219.1
Project("{FAE04EC0-301F-11D3-BF4B-00C04F79EFBC}") = "AwesomeNetwork", "AwesomeNetwork\AwesomeNetwork.csproj", "{0B8FC79D-0F40-4E15-A349-4E0AE5F1F98E}"
EndProject
Global
	GlobalSection(SolutionConfigurationPlatforms) = preSolution
		Debug|Any CPU = Debug|Any CPU
		Release|Any CPU = Release|Any CPU
	EndGlobalSection
	GlobalSection(ProjectConfigurationPlatforms) = postSolution
		{0B8FC79D-0F40-4E15-A349-4E0AE5F1F98E}.Debug|Any CPU.ActiveCfg = Debug|Any CPU
		{0B8FC79D-0F40-4E15-A349-4E0AE5F1F98E}.Debug|Any CPU.Build.0 = Debug|Any CPU
		{0B8FC79D-0F40-4E15-A349-4E0AE5F1F98E}.Release|Any CPU.ActiveCfg = Release|Any CPU
		{0B8FC79D-0F40-4E15-A349-4E0AE5F1F98E}.Release|Any CPU.Build.0 = Release|Any CPU
	EndGlobalSection
	GlobalSection(SolutionProperties) = preSolution
		HideSolutionNode = FALSE
	EndGlobalSection
	GlobalSection(ExtensibilityGlobals) = postSolution
		SolutionGuid = {2506BD63-E4F6-4238-B97B-5F8F4CDCEA72}
	EndGlobalSection
EndGlobal
